
Microsoft Visual Studio Solution File, Format Version 12.00
# Visual Studio Version 17
VisualStudioVersion = 17.0.31912.275
MinimumVisualStudioVersion = 10.0.40219.1
Project("{9A19103F-16F7-4668-BE54-9A1E7A4F7556}") = "FinDoxDocumentsAPI", "FinDoxDocumentsAPI\FinDoxDocumentsAPI.csproj", "{EE64E642-29E1-4FA7-84AF-9ADB6DAC9835}"
EndProject
Project("{9A19103F-16F7-4668-BE54-9A1E7A4F7556}") = "FinDoxDocumentsAPIUnitTests", "FinDoxDocumentsAPIUnitTests\FinDoxDocumentsAPIUnitTests.csproj", "{350BB44D-4DB3-401F-817C-ACB7384757BB}"
EndProject
Project("{9A19103F-16F7-4668-BE54-9A1E7A4F7556}") = "FinDoxDocumentsAPIIntegrationTests", "FinDoxDocumentsAPIIntegrationTests\FinDoxDocumentsAPIIntegrationTests.csproj", "{041A59C0-C4C6-49AD-AD0D-F9AFF5542018}"
EndProject
Global
	GlobalSection(SolutionConfigurationPlatforms) = preSolution
		Debug|Any CPU = Debug|Any CPU
		Release|Any CPU = Release|Any CPU
	EndGlobalSection
	GlobalSection(ProjectConfigurationPlatforms) = postSolution
		{EE64E642-29E1-4FA7-84AF-9ADB6DAC9835}.Debug|Any CPU.ActiveCfg = Debug|Any CPU
		{EE64E642-29E1-4FA7-84AF-9ADB6DAC9835}.Debug|Any CPU.Build.0 = Debug|Any CPU
		{EE64E642-29E1-4FA7-84AF-9ADB6DAC9835}.Release|Any CPU.ActiveCfg = Release|Any CPU
		{EE64E642-29E1-4FA7-84AF-9ADB6DAC9835}.Release|Any CPU.Build.0 = Release|Any CPU
		{350BB44D-4DB3-401F-817C-ACB7384757BB}.Debug|Any CPU.ActiveCfg = Debug|Any CPU
		{350BB44D-4DB3-401F-817C-ACB7384757BB}.Debug|Any CPU.Build.0 = Debug|Any CPU
		{350BB44D-4DB3-401F-817C-ACB7384757BB}.Release|Any CPU.ActiveCfg = Release|Any CPU
		{350BB44D-4DB3-401F-817C-ACB7384757BB}.Release|Any CPU.Build.0 = Release|Any CPU
		{041A59C0-C4C6-49AD-AD0D-F9AFF5542018}.Debug|Any CPU.ActiveCfg = Debug|Any CPU
		{041A59C0-C4C6-49AD-AD0D-F9AFF5542018}.Debug|Any CPU.Build.0 = Debug|Any CPU
		{041A59C0-C4C6-49AD-AD0D-F9AFF5542018}.Release|Any CPU.ActiveCfg = Release|Any CPU
		{041A59C0-C4C6-49AD-AD0D-F9AFF5542018}.Release|Any CPU.Build.0 = Release|Any CPU
	EndGlobalSection
	GlobalSection(SolutionProperties) = preSolution
		HideSolutionNode = FALSE
	EndGlobalSection
	GlobalSection(ExtensibilityGlobals) = postSolution
		SolutionGuid = {81CBD479-3C77-4D63-85AF-D66E769D53F7}
	EndGlobalSection
EndGlobal
